// !$*UTF8*$!
{
	archiveVersion = 1;
	classes = {
	};
	objectVersion = 46;
	objects = {

/* Begin PBXBuildFile section */
		AA003A1E161E06A30042DE8E /* SBUnionFind.h in Headers */ = {isa = PBXBuildFile; fileRef = AA003A1C161E06A30042DE8E /* SBUnionFind.h */; };
		AA003A1F161E06A30042DE8E /* SBUnionFind.m in Sources */ = {isa = PBXBuildFile; fileRef = AA003A1D161E06A30042DE8E /* SBUnionFind.m */; };
		AA003A22161E108D0042DE8E /* SBUnionFindTests.m in Sources */ = {isa = PBXBuildFile; fileRef = AA003A21161E108D0042DE8E /* SBUnionFindTests.m */; };
		AA4068EA1615F52600577D04 /* Foundation.framework in Frameworks */ = {isa = PBXBuildFile; fileRef = AA4068E91615F52600577D04 /* Foundation.framework */; };
		AA4068F01615F52600577D04 /* SBDataStructures.m in Sources */ = {isa = PBXBuildFile; fileRef = AA4068EF1615F52600577D04 /* SBDataStructures.m */; };
		AA4068F81615F52700577D04 /* SenTestingKit.framework in Frameworks */ = {isa = PBXBuildFile; fileRef = AA4068F71615F52700577D04 /* SenTestingKit.framework */; };
		AA4068FA1615F52700577D04 /* UIKit.framework in Frameworks */ = {isa = PBXBuildFile; fileRef = AA4068F91615F52700577D04 /* UIKit.framework */; };
		AA4068FB1615F52700577D04 /* Foundation.framework in Frameworks */ = {isa = PBXBuildFile; fileRef = AA4068E91615F52600577D04 /* Foundation.framework */; };
		AA4068FE1615F52700577D04 /* libSBDataStructures.a in Frameworks */ = {isa = PBXBuildFile; fileRef = AA4068E61615F52600577D04 /* libSBDataStructures.a */; };
		AA4069041615F52700577D04 /* InfoPlist.strings in Resources */ = {isa = PBXBuildFile; fileRef = AA4069021615F52700577D04 /* InfoPlist.strings */; };
		AA4069121615F55900577D04 /* SBBinaryHeapPriorityQueue.h in Headers */ = {isa = PBXBuildFile; fileRef = AA4069101615F55900577D04 /* SBBinaryHeapPriorityQueue.h */; };
		AA4069131615F55900577D04 /* SBBinaryHeapPriorityQueue.m in Sources */ = {isa = PBXBuildFile; fileRef = AA4069111615F55900577D04 /* SBBinaryHeapPriorityQueue.m */; settings = {COMPILER_FLAGS = "-fno-objc-arc"; }; };
		AAE0BA11161A8A6C005EC510 /* SBPriorityQueue.h in Headers */ = {isa = PBXBuildFile; fileRef = AAE0BA0F161A8A6C005EC510 /* SBPriorityQueue.h */; };
		AAE0BA12161A8A6C005EC510 /* SBPriorityQueue.m in Sources */ = {isa = PBXBuildFile; fileRef = AAE0BA10161A8A6C005EC510 /* SBPriorityQueue.m */; settings = {COMPILER_FLAGS = "-fno-objc-arc"; }; };
/* End PBXBuildFile section */

/* Begin PBXContainerItemProxy section */
		AA4068FC1615F52700577D04 /* PBXContainerItemProxy */ = {
			isa = PBXContainerItemProxy;
			containerPortal = AA4068DD1615F52500577D04 /* Project object */;
			proxyType = 1;
			remoteGlobalIDString = AA4068E51615F52600577D04;
			remoteInfo = SBDataStructures;
		};
/* End PBXContainerItemProxy section */

/* Begin PBXFileReference section */
		AA003A1C161E06A30042DE8E /* SBUnionFind.h */ = {isa = PBXFileReference; fileEncoding = 4; lastKnownFileType = sourcecode.c.h; path = SBUnionFind.h; sourceTree = "<group>"; };
		AA003A1D161E06A30042DE8E /* SBUnionFind.m */ = {isa = PBXFileReference; fileEncoding = 4; lastKnownFileType = sourcecode.c.objc; path = SBUnionFind.m; sourceTree = "<group>"; };
		AA003A20161E108C0042DE8E /* SBUnionFindTests.h */ = {isa = PBXFileReference; fileEncoding = 4; lastKnownFileType = sourcecode.c.h; path = SBUnionFindTests.h; sourceTree = "<group>"; };
		AA003A21161E108D0042DE8E /* SBUnionFindTests.m */ = {isa = PBXFileReference; fileEncoding = 4; lastKnownFileType = sourcecode.c.objc; path = SBUnionFindTests.m; sourceTree = "<group>"; };
		AA4068E61615F52600577D04 /* libSBDataStructures.a */ = {isa = PBXFileReference; explicitFileType = archive.ar; includeInIndex = 0; path = libSBDataStructures.a; sourceTree = BUILT_PRODUCTS_DIR; };
		AA4068E91615F52600577D04 /* Foundation.framework */ = {isa = PBXFileReference; lastKnownFileType = wrapper.framework; name = Foundation.framework; path = System/Library/Frameworks/Foundation.framework; sourceTree = SDKROOT; };
		AA4068ED1615F52600577D04 /* SBDataStructures-Prefix.pch */ = {isa = PBXFileReference; lastKnownFileType = sourcecode.c.h; path = "SBDataStructures-Prefix.pch"; sourceTree = "<group>"; };
		AA4068EE1615F52600577D04 /* SBDataStructures.h */ = {isa = PBXFileReference; lastKnownFileType = sourcecode.c.h; path = SBDataStructures.h; sourceTree = "<group>"; };
		AA4068EF1615F52600577D04 /* SBDataStructures.m */ = {isa = PBXFileReference; lastKnownFileType = sourcecode.c.objc; path = SBDataStructures.m; sourceTree = "<group>"; };
		AA4068F61615F52700577D04 /* SBDataStructuresTests.octest */ = {isa = PBXFileReference; explicitFileType = wrapper.cfbundle; includeInIndex = 0; path = SBDataStructuresTests.octest; sourceTree = BUILT_PRODUCTS_DIR; };
		AA4068F71615F52700577D04 /* SenTestingKit.framework */ = {isa = PBXFileReference; lastKnownFileType = wrapper.framework; name = SenTestingKit.framework; path = Library/Frameworks/SenTestingKit.framework; sourceTree = DEVELOPER_DIR; };
		AA4068F91615F52700577D04 /* UIKit.framework */ = {isa = PBXFileReference; lastKnownFileType = wrapper.framework; name = UIKit.framework; path = Library/Frameworks/UIKit.framework; sourceTree = DEVELOPER_DIR; };
		AA4069011615F52700577D04 /* SBDataStructuresTests-Info.plist */ = {isa = PBXFileReference; lastKnownFileType = text.plist.xml; path = "SBDataStructuresTests-Info.plist"; sourceTree = "<group>"; };
		AA4069031615F52700577D04 /* en */ = {isa = PBXFileReference; lastKnownFileType = text.plist.strings; name = en; path = en.lproj/InfoPlist.strings; sourceTree = "<group>"; };
		AA4069051615F52700577D04 /* SBPriorityQueueTests.h */ = {isa = PBXFileReference; lastKnownFileType = sourcecode.c.h; path = SBPriorityQueueTests.h; sourceTree = "<group>"; };
		AA4069061615F52700577D04 /* SBPriorityQueueTests.m */ = {isa = PBXFileReference; lastKnownFileType = sourcecode.c.objc; path = SBPriorityQueueTests.m; sourceTree = "<group>"; };
		AA4069101615F55900577D04 /* SBBinaryHeapPriorityQueue.h */ = {isa = PBXFileReference; fileEncoding = 4; lastKnownFileType = sourcecode.c.h; path = SBBinaryHeapPriorityQueue.h; sourceTree = "<group>"; };
		AA4069111615F55900577D04 /* SBBinaryHeapPriorityQueue.m */ = {isa = PBXFileReference; fileEncoding = 4; lastKnownFileType = sourcecode.c.objc; path = SBBinaryHeapPriorityQueue.m; sourceTree = "<group>"; };
		AAE0BA0F161A8A6C005EC510 /* SBPriorityQueue.h */ = {isa = PBXFileReference; fileEncoding = 4; lastKnownFileType = sourcecode.c.h; path = SBPriorityQueue.h; sourceTree = "<group>"; };
		AAE0BA10161A8A6C005EC510 /* SBPriorityQueue.m */ = {isa = PBXFileReference; fileEncoding = 4; lastKnownFileType = sourcecode.c.objc; path = SBPriorityQueue.m; sourceTree = "<group>"; };
/* End PBXFileReference section */

/* Begin PBXFrameworksBuildPhase section */
		AA4068E31615F52600577D04 /* Frameworks */ = {
			isa = PBXFrameworksBuildPhase;
			buildActionMask = 2147483647;
			files = (
				AA4068EA1615F52600577D04 /* Foundation.framework in Frameworks */,
			);
			runOnlyForDeploymentPostprocessing = 0;
		};
		AA4068F21615F52700577D04 /* Frameworks */ = {
			isa = PBXFrameworksBuildPhase;
			buildActionMask = 2147483647;
			files = (
				AA4068F81615F52700577D04 /* SenTestingKit.framework in Frameworks */,
				AA4068FA1615F52700577D04 /* UIKit.framework in Frameworks */,
				AA4068FB1615F52700577D04 /* Foundation.framework in Frameworks */,
				AA4068FE1615F52700577D04 /* libSBDataStructures.a in Frameworks */,
			);
			runOnlyForDeploymentPostprocessing = 0;
		};
/* End PBXFrameworksBuildPhase section */

/* Begin PBXGroup section */
		AA0039BC161DD7580042DE8E /* Queues */ = {
			isa = PBXGroup;
			children = (
				AAE0BA0F161A8A6C005EC510 /* SBPriorityQueue.h */,
				AAE0BA10161A8A6C005EC510 /* SBPriorityQueue.m */,
				AA4069101615F55900577D04 /* SBBinaryHeapPriorityQueue.h */,
				AA4069111615F55900577D04 /* SBBinaryHeapPriorityQueue.m */,
			);
			name = Queues;
			sourceTree = "<group>";
		};
		AA4068DB1615F52500577D04 = {
			isa = PBXGroup;
			children = (
				AA4068EB1615F52600577D04 /* SBDataStructures */,
				AA4068FF1615F52700577D04 /* SBDataStructuresTests */,
				AA4068E81615F52600577D04 /* Frameworks */,
				AA4068E71615F52600577D04 /* Products */,
			);
			sourceTree = "<group>";
		};
		AA4068E71615F52600577D04 /* Products */ = {
			isa = PBXGroup;
			children = (
				AA4068E61615F52600577D04 /* libSBDataStructures.a */,
				AA4068F61615F52700577D04 /* SBDataStructuresTests.octest */,
			);
			name = Products;
			sourceTree = "<group>";
		};
		AA4068E81615F52600577D04 /* Frameworks */ = {
			isa = PBXGroup;
			children = (
				AA4068E91615F52600577D04 /* Foundation.framework */,
				AA4068F71615F52700577D04 /* SenTestingKit.framework */,
				AA4068F91615F52700577D04 /* UIKit.framework */,
			);
			name = Frameworks;
			sourceTree = "<group>";
		};
		AA4068EB1615F52600577D04 /* SBDataStructures */ = {
			isa = PBXGroup;
			children = (
				AA4068EE1615F52600577D04 /* SBDataStructures.h */,
				AA4068EF1615F52600577D04 /* SBDataStructures.m */,
				AA003A1C161E06A30042DE8E /* SBUnionFind.h */,
				AA003A1D161E06A30042DE8E /* SBUnionFind.m */,
				AA0039BC161DD7580042DE8E /* Queues */,
				AA4068EC1615F52600577D04 /* Supporting Files */,
			);
			path = SBDataStructures;
			sourceTree = "<group>";
		};
		AA4068EC1615F52600577D04 /* Supporting Files */ = {
			isa = PBXGroup;
			children = (
				AA4068ED1615F52600577D04 /* SBDataStructures-Prefix.pch */,
			);
			name = "Supporting Files";
			sourceTree = "<group>";
		};
		AA4068FF1615F52700577D04 /* SBDataStructuresTests */ = {
			isa = PBXGroup;
			children = (
				AA003A20161E108C0042DE8E /* SBUnionFindTests.h */,
				AA003A21161E108D0042DE8E /* SBUnionFindTests.m */,
				AA4069051615F52700577D04 /* SBPriorityQueueTests.h */,
				AA4069061615F52700577D04 /* SBPriorityQueueTests.m */,
				AA4069001615F52700577D04 /* Supporting Files */,
			);
			path = SBDataStructuresTests;
			sourceTree = "<group>";
		};
		AA4069001615F52700577D04 /* Supporting Files */ = {
			isa = PBXGroup;
			children = (
				AA4069011615F52700577D04 /* SBDataStructuresTests-Info.plist */,
				AA4069021615F52700577D04 /* InfoPlist.strings */,
			);
			name = "Supporting Files";
			sourceTree = "<group>";
		};
/* End PBXGroup section */

/* Begin PBXHeadersBuildPhase section */
		AA4068E41615F52600577D04 /* Headers */ = {
			isa = PBXHeadersBuildPhase;
			buildActionMask = 2147483647;
			files = (
				AA4069121615F55900577D04 /* SBBinaryHeapPriorityQueue.h in Headers */,
				AAE0BA11161A8A6C005EC510 /* SBPriorityQueue.h in Headers */,
				AA003A1E161E06A30042DE8E /* SBUnionFind.h in Headers */,
			);
			runOnlyForDeploymentPostprocessing = 0;
		};
/* End PBXHeadersBuildPhase section */

/* Begin PBXNativeTarget section */
		AA4068E51615F52600577D04 /* SBDataStructures */ = {
			isa = PBXNativeTarget;
			buildConfigurationList = AA40690A1615F52700577D04 /* Build configuration list for PBXNativeTarget "SBDataStructures" */;
			buildPhases = (
				AA4068E21615F52600577D04 /* Sources */,
				AA4068E31615F52600577D04 /* Frameworks */,
				AA4068E41615F52600577D04 /* Headers */,
			);
			buildRules = (
			);
			dependencies = (
			);
			name = SBDataStructures;
			productName = SBDataStructures;
			productReference = AA4068E61615F52600577D04 /* libSBDataStructures.a */;
			productType = "com.apple.product-type.library.static";
		};
		AA4068F51615F52700577D04 /* SBDataStructuresTests */ = {
			isa = PBXNativeTarget;
			buildConfigurationList = AA40690D1615F52700577D04 /* Build configuration list for PBXNativeTarget "SBDataStructuresTests" */;
			buildPhases = (
				AA4068F11615F52700577D04 /* Sources */,
				AA4068F21615F52700577D04 /* Frameworks */,
				AA4068F31615F52700577D04 /* Resources */,
				AA4068F41615F52700577D04 /* ShellScript */,
			);
			buildRules = (
			);
			dependencies = (
				AA4068FD1615F52700577D04 /* PBXTargetDependency */,
			);
			name = SBDataStructuresTests;
			productName = SBDataStructuresTests;
			productReference = AA4068F61615F52700577D04 /* SBDataStructuresTests.octest */;
			productType = "com.apple.product-type.bundle";
		};
/* End PBXNativeTarget section */

/* Begin PBXProject section */
		AA4068DD1615F52500577D04 /* Project object */ = {
			isa = PBXProject;
			attributes = {
				LastUpgradeCheck = 0430;
			};
			buildConfigurationList = AA4068E01615F52500577D04 /* Build configuration list for PBXProject "SBDataStructures" */;
			compatibilityVersion = "Xcode 3.2";
			developmentRegion = English;
			hasScannedForEncodings = 0;
			knownRegions = (
				en,
			);
			mainGroup = AA4068DB1615F52500577D04;
			productRefGroup = AA4068E71615F52600577D04 /* Products */;
			projectDirPath = "";
			projectRoot = "";
			targets = (
				AA4068E51615F52600577D04 /* SBDataStructures */,
				AA4068F51615F52700577D04 /* SBDataStructuresTests */,
			);
		};
/* End PBXProject section */

/* Begin PBXResourcesBuildPhase section */
		AA4068F31615F52700577D04 /* Resources */ = {
			isa = PBXResourcesBuildPhase;
			buildActionMask = 2147483647;
			files = (
				AA4069041615F52700577D04 /* InfoPlist.strings in Resources */,
			);
			runOnlyForDeploymentPostprocessing = 0;
		};
/* End PBXResourcesBuildPhase section */

/* Begin PBXShellScriptBuildPhase section */
		AA4068F41615F52700577D04 /* ShellScript */ = {
			isa = PBXShellScriptBuildPhase;
			buildActionMask = 2147483647;
			files = (
			);
			inputPaths = (
			);
			outputPaths = (
			);
			runOnlyForDeploymentPostprocessing = 0;
			shellPath = /bin/sh;
			shellScript = "# Run the unit tests in this test bundle.\n\"${SYSTEM_DEVELOPER_DIR}/Tools/RunUnitTests\"\n";
		};
/* End PBXShellScriptBuildPhase section */

/* Begin PBXSourcesBuildPhase section */
		AA4068E21615F52600577D04 /* Sources */ = {
			isa = PBXSourcesBuildPhase;
			buildActionMask = 2147483647;
			files = (
				AA4068F01615F52600577D04 /* SBDataStructures.m in Sources */,
				AA4069131615F55900577D04 /* SBBinaryHeapPriorityQueue.m in Sources */,
				AAE0BA12161A8A6C005EC510 /* SBPriorityQueue.m in Sources */,
				AA003A1F161E06A30042DE8E /* SBUnionFind.m in Sources */,
			);
			runOnlyForDeploymentPostprocessing = 0;
		};
		AA4068F11615F52700577D04 /* Sources */ = {
			isa = PBXSourcesBuildPhase;
			buildActionMask = 2147483647;
			files = (
				AA003A22161E108D0042DE8E /* SBUnionFindTests.m in Sources */,
			);
			runOnlyForDeploymentPostprocessing = 0;
		};
/* End PBXSourcesBuildPhase section */

/* Begin PBXTargetDependency section */
		AA4068FD1615F52700577D04 /* PBXTargetDependency */ = {
			isa = PBXTargetDependency;
			target = AA4068E51615F52600577D04 /* SBDataStructures */;
			targetProxy = AA4068FC1615F52700577D04 /* PBXContainerItemProxy */;
		};
/* End PBXTargetDependency section */

/* Begin PBXVariantGroup section */
		AA4069021615F52700577D04 /* InfoPlist.strings */ = {
			isa = PBXVariantGroup;
			children = (
				AA4069031615F52700577D04 /* en */,
			);
			name = InfoPlist.strings;
			sourceTree = "<group>";
		};
/* End PBXVariantGroup section */

/* Begin XCBuildConfiguration section */
		AA4069081615F52700577D04 /* Debug */ = {
			isa = XCBuildConfiguration;
			buildSettings = {
				ALWAYS_SEARCH_USER_PATHS = NO;
				ARCHS = "$(ARCHS_STANDARD_32_BIT)";
				CLANG_ENABLE_OBJC_ARC = YES;
				CLANG_WARN_OBJCPP_ARC_ABI = YES;
				COPY_PHASE_STRIP = NO;
				GCC_C_LANGUAGE_STANDARD = gnu99;
				GCC_DYNAMIC_NO_PIC = NO;
				GCC_OPTIMIZATION_LEVEL = 0;
				GCC_PREPROCESSOR_DEFINITIONS = (
					"DEBUG=1",
					"$(inherited)",
				);
				GCC_SYMBOLS_PRIVATE_EXTERN = NO;
				GCC_VERSION = com.apple.compilers.llvm.clang.1_0;
				GCC_WARN_ABOUT_RETURN_TYPE = YES;
				GCC_WARN_UNINITIALIZED_AUTOS = YES;
				GCC_WARN_UNUSED_VARIABLE = YES;
				IPHONEOS_DEPLOYMENT_TARGET = 5.1;
				SDKROOT = iphoneos;
			};
			name = Debug;
		};
		AA4069091615F52700577D04 /* Release */ = {
			isa = XCBuildConfiguration;
			buildSettings = {
				ALWAYS_SEARCH_USER_PATHS = NO;
				ARCHS = "$(ARCHS_STANDARD_32_BIT)";
				CLANG_ENABLE_OBJC_ARC = YES;
				CLANG_WARN_OBJCPP_ARC_ABI = YES;
				COPY_PHASE_STRIP = YES;
				GCC_C_LANGUAGE_STANDARD = gnu99;
				GCC_VERSION = com.apple.compilers.llvm.clang.1_0;
				GCC_WARN_ABOUT_RETURN_TYPE = YES;
				GCC_WARN_UNINITIALIZED_AUTOS = YES;
				GCC_WARN_UNUSED_VARIABLE = YES;
				IPHONEOS_DEPLOYMENT_TARGET = 5.1;
				SDKROOT = iphoneos;
				VALIDATE_PRODUCT = YES;
			};
			name = Release;
		};
		AA40690B1615F52700577D04 /* Debug */ = {
			isa = XCBuildConfiguration;
			buildSettings = {
				DSTROOT = /tmp/SBDataStructures.dst;
				GCC_PRECOMPILE_PREFIX_HEADER = YES;
				GCC_PREFIX_HEADER = "SBDataStructures/SBDataStructures-Prefix.pch";
				OTHER_LDFLAGS = "-ObjC";
				PRODUCT_NAME = SBDataStructures;
				SKIP_INSTALL = YES;
			};
			name = Debug;
		};
		AA40690C1615F52700577D04 /* Release */ = {
			isa = XCBuildConfiguration;
			buildSettings = {
				DSTROOT = /tmp/SBDataStructures.dst;
				GCC_PRECOMPILE_PREFIX_HEADER = YES;
				GCC_PREFIX_HEADER = "SBDataStructures/SBDataStructures-Prefix.pch";
				OTHER_LDFLAGS = "-ObjC";
				PRODUCT_NAME = SBDataStructures;
				SKIP_INSTALL = YES;
			};
			name = Release;
		};
		AA40690E1615F52700577D04 /* Debug */ = {
			isa = XCBuildConfiguration;
			buildSettings = {
				FRAMEWORK_SEARCH_PATHS = (
					"$(SDKROOT)/Developer/Library/Frameworks",
					"$(DEVELOPER_LIBRARY_DIR)/Frameworks",
				);
				GCC_PRECOMPILE_PREFIX_HEADER = YES;
				GCC_PREFIX_HEADER = "SBDataStructures/SBDataStructures-Prefix.pch";
				INFOPLIST_FILE = "SBDataStructuresTests/SBDataStructuresTests-Info.plist";
				OTHER_LDFLAGS = (
					"-all_load",
					"-ObjC",
				);
				PRODUCT_NAME = SBDataStructuresTests;
				WRAPPER_EXTENSION = octest;
			};
			name = Debug;
		};
		AA40690F1615F52700577D04 /* Release */ = {
			isa = XCBuildConfiguration;
			buildSettings = {
				FRAMEWORK_SEARCH_PATHS = (
					"$(SDKROOT)/Developer/Library/Frameworks",
					"$(DEVELOPER_LIBRARY_DIR)/Frameworks",
				);
				GCC_PRECOMPILE_PREFIX_HEADER = YES;
				GCC_PREFIX_HEADER = "SBDataStructures/SBDataStructures-Prefix.pch";
				INFOPLIST_FILE = "SBDataStructuresTests/SBDataStructuresTests-Info.plist";
				OTHER_LDFLAGS = (
					"-all_load",
					"-ObjC",
				);
				PRODUCT_NAME = SBDataStructuresTests;
				WRAPPER_EXTENSION = octest;
			};
			name = Release;
		};
/* End XCBuildConfiguration section */

/* Begin XCConfigurationList section */
		AA4068E01615F52500577D04 /* Build configuration list for PBXProject "SBDataStructures" */ = {
			isa = XCConfigurationList;
			buildConfigurations = (
				AA4069081615F52700577D04 /* Debug */,
				AA4069091615F52700577D04 /* Release */,
			);
			defaultConfigurationIsVisible = 0;
			defaultConfigurationName = Release;
		};
		AA40690A1615F52700577D04 /* Build configuration list for PBXNativeTarget "SBDataStructures" */ = {
			isa = XCConfigurationList;
			buildConfigurations = (
				AA40690B1615F52700577D04 /* Debug */,
				AA40690C1615F52700577D04 /* Release */,
			);
			defaultConfigurationIsVisible = 0;
			defaultConfigurationName = Release;
		};
		AA40690D1615F52700577D04 /* Build configuration list for PBXNativeTarget "SBDataStructuresTests" */ = {
			isa = XCConfigurationList;
			buildConfigurations = (
				AA40690E1615F52700577D04 /* Debug */,
				AA40690F1615F52700577D04 /* Release */,
			);
			defaultConfigurationIsVisible = 0;
			defaultConfigurationName = Release;
		};
/* End XCConfigurationList section */
	};
	rootObject = AA4068DD1615F52500577D04 /* Project object */;
}
